// !$*UTF8*$!
{
	archiveVersion = 1;
	classes = {
	};
	objectVersion = 77;
	objects = {

/* Begin PBXBuildFile section */
		845A455E2EFF4643007D0A6D /* Assets.xcassets in Resources */ = {isa = PBXBuildFile; fileRef = 845A45532EFF4643007D0A6D /* Assets.xcassets */; };
		845A455F2EFF4643007D0A6D /* GoalDetailView.swift.backup in Resources */ = {isa = PBXBuildFile; fileRef = 845A454D2EFF4643007D0A6D /* GoalDetailView.swift.backup */; };
		845A45612EFF4643007D0A6D /* FactExtractionService.swift in Sources */ = {isa = PBXBuildFile; fileRef = 845A453D2EFF4643007D0A6D /* FactExtractionService.swift */; };
		845A45622EFF4643007D0A6D /* GoalsListView.swift in Sources */ = {isa = PBXBuildFile; fileRef = 845A454E2EFF4643007D0A6D /* GoalsListView.swift */; };
		845A45632EFF4643007D0A6D /* GoalViewModel.swift in Sources */ = {isa = PBXBuildFile; fileRef = 845A45452EFF4643007D0A6D /* GoalViewModel.swift */; };
		845A45642EFF4643007D0A6D /* Theme.swift in Sources */ = {isa = PBXBuildFile; fileRef = 845A45422EFF4643007D0A6D /* Theme.swift */; };
		845A45652EFF4643007D0A6D /* UserFact.swift in Sources */ = {isa = PBXBuildFile; fileRef = 845A453A2EFF4643007D0A6D /* UserFact.swift */; };
		845A45662EFF4643007D0A6D /* StatCardView.swift in Sources */ = {isa = PBXBuildFile; fileRef = 845A45572EFF4643007D0A6D /* StatCardView.swift */; };
		845A45672EFF4643007D0A6D /* SupabaseService.swift in Sources */ = {isa = PBXBuildFile; fileRef = 845A45402EFF4643007D0A6D /* SupabaseService.swift */; };
		845A45682EFF4643007D0A6D /* SplashView.swift in Sources */ = {isa = PBXBuildFile; fileRef = 845A45502EFF4643007D0A6D /* SplashView.swift */; };
		845A45692EFF4643007D0A6D /* Task.swift in Sources */ = {isa = PBXBuildFile; fileRef = 845A45372EFF4643007D0A6D /* Task.swift */; };
		845A456A2EFF4643007D0A6D /* TypeAliases.swift in Sources */ = {isa = PBXBuildFile; fileRef = 845A455C2EFF4643007D0A6D /* TypeAliases.swift */; };
		845A456B2EFF4643007D0A6D /* GoalsSupabaseService.swift in Sources */ = {isa = PBXBuildFile; fileRef = 845A453E2EFF4643007D0A6D /* GoalsSupabaseService.swift */; };
		845A456C2EFF4643007D0A6D /* Topic.swift in Sources */ = {isa = PBXBuildFile; fileRef = 845A45382EFF4643007D0A6D /* Topic.swift */; };
		845A456D2EFF4643007D0A6D /* ContentView.swift in Sources */ = {isa = PBXBuildFile; fileRef = 845A45542EFF4643007D0A6D /* ContentView.swift */; };
		845A456E2EFF4643007D0A6D /* SpeechRecognitionService.swift in Sources */ = {isa = PBXBuildFile; fileRef = 845A453F2EFF4643007D0A6D /* SpeechRecognitionService.swift */; };
		845A456F2EFF4643007D0A6D /* User.swift in Sources */ = {isa = PBXBuildFile; fileRef = 845A45392EFF4643007D0A6D /* User.swift */; };
		845A45702EFF4643007D0A6D /* GoalDetailView.swift in Sources */ = {isa = PBXBuildFile; fileRef = 845A454C2EFF4643007D0A6D /* GoalDetailView.swift */; };
		845A45712EFF4643007D0A6D /* SettingsView.swift in Sources */ = {isa = PBXBuildFile; fileRef = 845A454F2EFF4643007D0A6D /* SettingsView.swift */; };
		845A45722EFF4643007D0A6D /* DashboardView.swift in Sources */ = {isa = PBXBuildFile; fileRef = 845A45552EFF4643007D0A6D /* DashboardView.swift */; };
		845A45732EFF4643007D0A6D /* TodoRowView.swift in Sources */ = {isa = PBXBuildFile; fileRef = 845A455A2EFF4643007D0A6D /* TodoRowView.swift */; };
		845A45742EFF4643007D0A6D /* SignUpView.swift in Sources */ = {isa = PBXBuildFile; fileRef = 845A45482EFF4643007D0A6D /* SignUpView.swift */; };
		845A45752EFF4643007D0A6D /* Milestone.swift in Sources */ = {isa = PBXBuildFile; fileRef = 845A45362EFF4643007D0A6D /* Milestone.swift */; };
		845A45762EFF4643007D0A6D /* To_do_AppApp.swift in Sources */ = {isa = PBXBuildFile; fileRef = 845A45582EFF4643007D0A6D /* To_do_AppApp.swift */; };
		845A45772EFF4643007D0A6D /* TaskNodeView.swift in Sources */ = {isa = PBXBuildFile; fileRef = 845A45512EFF4643007D0A6D /* TaskNodeView.swift */; };
		845A45782EFF4643007D0A6D /* AuthViewModel.swift in Sources */ = {isa = PBXBuildFile; fileRef = 845A45442EFF4643007D0A6D /* AuthViewModel.swift */; };
		845A45792EFF4643007D0A6D /* AIChatView.swift in Sources */ = {isa = PBXBuildFile; fileRef = 845A454A2EFF4643007D0A6D /* AIChatView.swift */; };
		845A457A2EFF4643007D0A6D /* LoginView.swift in Sources */ = {isa = PBXBuildFile; fileRef = 845A45472EFF4643007D0A6D /* LoginView.swift */; };
		845A457B2EFF4643007D0A6D /* TodoViewModel.swift in Sources */ = {isa = PBXBuildFile; fileRef = 845A455B2EFF4643007D0A6D /* TodoViewModel.swift */; };
		845A457C2EFF4643007D0A6D /* AIService.swift in Sources */ = {isa = PBXBuildFile; fileRef = 845A453C2EFF4643007D0A6D /* AIService.swift */; };
		845A457D2EFF4643007D0A6D /* TodoItem.swift in Sources */ = {isa = PBXBuildFile; fileRef = 845A45592EFF4643007D0A6D /* TodoItem.swift */; };
		845A457E2EFF4643007D0A6D /* Goal.swift in Sources */ = {isa = PBXBuildFile; fileRef = 845A45352EFF4643007D0A6D /* Goal.swift */; };
		845A457F2EFF4643007D0A6D /* AllTasksView.swift in Sources */ = {isa = PBXBuildFile; fileRef = 845A454B2EFF4643007D0A6D /* AllTasksView.swift */; };
		8480B93F2EF1A8BC00D0BD87 /* Supabase in Frameworks */ = {isa = PBXBuildFile; productRef = 84A415D32EF1A63000266A6A /* Supabase */; };
/* End PBXBuildFile section */

/* Begin PBXFileReference section */
		845A45352EFF4643007D0A6D /* Goal.swift */ = {isa = PBXFileReference; lastKnownFileType = sourcecode.swift; path = Goal.swift; sourceTree = "<group>"; };
		845A45362EFF4643007D0A6D /* Milestone.swift */ = {isa = PBXFileReference; lastKnownFileType = sourcecode.swift; path = Milestone.swift; sourceTree = "<group>"; };
		845A45372EFF4643007D0A6D /* Task.swift */ = {isa = PBXFileReference; lastKnownFileType = sourcecode.swift; path = Task.swift; sourceTree = "<group>"; };
		845A45382EFF4643007D0A6D /* Topic.swift */ = {isa = PBXFileReference; lastKnownFileType = sourcecode.swift; path = Topic.swift; sourceTree = "<group>"; };
		845A45392EFF4643007D0A6D /* User.swift */ = {isa = PBXFileReference; lastKnownFileType = sourcecode.swift; path = User.swift; sourceTree = "<group>"; };
		845A453A2EFF4643007D0A6D /* UserFact.swift */ = {isa = PBXFileReference; lastKnownFileType = sourcecode.swift; path = UserFact.swift; sourceTree = "<group>"; };
		845A453C2EFF4643007D0A6D /* AIService.swift */ = {isa = PBXFileReference; lastKnownFileType = sourcecode.swift; path = AIService.swift; sourceTree = "<group>"; };
		845A453D2EFF4643007D0A6D /* FactExtractionService.swift */ = {isa = PBXFileReference; lastKnownFileType = sourcecode.swift; path = FactExtractionService.swift; sourceTree = "<group>"; };
		845A453E2EFF4643007D0A6D /* GoalsSupabaseService.swift */ = {isa = PBXFileReference; lastKnownFileType = sourcecode.swift; path = GoalsSupabaseService.swift; sourceTree = "<group>"; };
		845A453F2EFF4643007D0A6D /* SpeechRecognitionService.swift */ = {isa = PBXFileReference; lastKnownFileType = sourcecode.swift; path = SpeechRecognitionService.swift; sourceTree = "<group>"; };
		845A45402EFF4643007D0A6D /* SupabaseService.swift */ = {isa = PBXFileReference; lastKnownFileType = sourcecode.swift; path = SupabaseService.swift; sourceTree = "<group>"; };
		845A45422EFF4643007D0A6D /* Theme.swift */ = {isa = PBXFileReference; lastKnownFileType = sourcecode.swift; path = Theme.swift; sourceTree = "<group>"; };
		845A45442EFF4643007D0A6D /* AuthViewModel.swift */ = {isa = PBXFileReference; lastKnownFileType = sourcecode.swift; path = AuthViewModel.swift; sourceTree = "<group>"; };
		845A45452EFF4643007D0A6D /* GoalViewModel.swift */ = {isa = PBXFileReference; lastKnownFileType = sourcecode.swift; path = GoalViewModel.swift; sourceTree = "<group>"; };
		845A45472EFF4643007D0A6D /* LoginView.swift */ = {isa = PBXFileReference; lastKnownFileType = sourcecode.swift; path = LoginView.swift; sourceTree = "<group>"; };
		845A45482EFF4643007D0A6D /* SignUpView.swift */ = {isa = PBXFileReference; lastKnownFileType = sourcecode.swift; path = SignUpView.swift; sourceTree = "<group>"; };
		845A454A2EFF4643007D0A6D /* AIChatView.swift */ = {isa = PBXFileReference; lastKnownFileType = sourcecode.swift; path = AIChatView.swift; sourceTree = "<group>"; };
		845A454B2EFF4643007D0A6D /* AllTasksView.swift */ = {isa = PBXFileReference; lastKnownFileType = sourcecode.swift; path = AllTasksView.swift; sourceTree = "<group>"; };
		845A454C2EFF4643007D0A6D /* GoalDetailView.swift */ = {isa = PBXFileReference; lastKnownFileType = sourcecode.swift; path = GoalDetailView.swift; sourceTree = "<group>"; };
		845A454D2EFF4643007D0A6D /* GoalDetailView.swift.backup */ = {isa = PBXFileReference; lastKnownFileType = text; path = GoalDetailView.swift.backup; sourceTree = "<group>"; };
		845A454E2EFF4643007D0A6D /* GoalsListView.swift */ = {isa = PBXFileReference; lastKnownFileType = sourcecode.swift; path = GoalsListView.swift; sourceTree = "<group>"; };
		845A454F2EFF4643007D0A6D /* SettingsView.swift */ = {isa = PBXFileReference; lastKnownFileType = sourcecode.swift; path = SettingsView.swift; sourceTree = "<group>"; };
		845A45502EFF4643007D0A6D /* SplashView.swift */ = {isa = PBXFileReference; lastKnownFileType = sourcecode.swift; path = SplashView.swift; sourceTree = "<group>"; };
		845A45512EFF4643007D0A6D /* TaskNodeView.swift */ = {isa = PBXFileReference; lastKnownFileType = sourcecode.swift; path = TaskNodeView.swift; sourceTree = "<group>"; };
		845A45532EFF4643007D0A6D /* Assets.xcassets */ = {isa = PBXFileReference; lastKnownFileType = folder.assetcatalog; path = Assets.xcassets; sourceTree = "<group>"; };
		845A45542EFF4643007D0A6D /* ContentView.swift */ = {isa = PBXFileReference; lastKnownFileType = sourcecode.swift; path = ContentView.swift; sourceTree = "<group>"; };
		845A45552EFF4643007D0A6D /* DashboardView.swift */ = {isa = PBXFileReference; lastKnownFileType = sourcecode.swift; path = DashboardView.swift; sourceTree = "<group>"; };
		845A45562EFF4643007D0A6D /* Info.plist */ = {isa = PBXFileReference; lastKnownFileType = text.plist.xml; path = Info.plist; sourceTree = "<group>"; };
		845A45572EFF4643007D0A6D /* StatCardView.swift */ = {isa = PBXFileReference; lastKnownFileType = sourcecode.swift; path = StatCardView.swift; sourceTree = "<group>"; };
		845A45582EFF4643007D0A6D /* To_do_AppApp.swift */ = {isa = PBXFileReference; lastKnownFileType = sourcecode.swift; path = To_do_AppApp.swift; sourceTree = "<group>"; };
		845A45592EFF4643007D0A6D /* TodoItem.swift */ = {isa = PBXFileReference; lastKnownFileType = sourcecode.swift; path = TodoItem.swift; sourceTree = "<group>"; };
		845A455A2EFF4643007D0A6D /* TodoRowView.swift */ = {isa = PBXFileReference; lastKnownFileType = sourcecode.swift; path = TodoRowView.swift; sourceTree = "<group>"; };
		845A455B2EFF4643007D0A6D /* TodoViewModel.swift */ = {isa = PBXFileReference; lastKnownFileType = sourcecode.swift; path = TodoViewModel.swift; sourceTree = "<group>"; };
		845A455C2EFF4643007D0A6D /* TypeAliases.swift */ = {isa = PBXFileReference; lastKnownFileType = sourcecode.swift; path = TypeAliases.swift; sourceTree = "<group>"; };
		84F6BAEF2EF0C48F00443915 /* atlas.app */ = {isa = PBXFileReference; explicitFileType = wrapper.application; includeInIndex = 0; path = atlas.app; sourceTree = BUILT_PRODUCTS_DIR; };
/* End PBXFileReference section */

/* Begin PBXFileSystemSynchronizedRootGroup section */
		84F6BAF12EF0C48F00443915 /* atlas */ = {
			isa = PBXFileSystemSynchronizedRootGroup;
			path = atlas;
			sourceTree = "<group>";
		};
/* End PBXFileSystemSynchronizedRootGroup section */

/* Begin PBXFrameworksBuildPhase section */
		84F6BAEC2EF0C48F00443915 /* Frameworks */ = {
			isa = PBXFrameworksBuildPhase;
			buildActionMask = 2147483647;
			files = (
				8480B93F2EF1A8BC00D0BD87 /* Supabase in Frameworks */,
			);
			runOnlyForDeploymentPostprocessing = 0;
		};
/* End PBXFrameworksBuildPhase section */

/* Begin PBXGroup section */
		845A453B2EFF4643007D0A6D /* Models */ = {
			isa = PBXGroup;
			children = (
				845A45352EFF4643007D0A6D /* Goal.swift */,
				845A45362EFF4643007D0A6D /* Milestone.swift */,
				845A45372EFF4643007D0A6D /* Task.swift */,
				845A45382EFF4643007D0A6D /* Topic.swift */,
				845A45392EFF4643007D0A6D /* User.swift */,
				845A453A2EFF4643007D0A6D /* UserFact.swift */,
			);
			path = Models;
			sourceTree = "<group>";
		};
		845A45412EFF4643007D0A6D /* Services */ = {
			isa = PBXGroup;
			children = (
				845A453C2EFF4643007D0A6D /* AIService.swift */,
				845A453D2EFF4643007D0A6D /* FactExtractionService.swift */,
				845A453E2EFF4643007D0A6D /* GoalsSupabaseService.swift */,
				845A453F2EFF4643007D0A6D /* SpeechRecognitionService.swift */,
				845A45402EFF4643007D0A6D /* SupabaseService.swift */,
			);
			path = Services;
			sourceTree = "<group>";
		};
		845A45432EFF4643007D0A6D /* Theme */ = {
			isa = PBXGroup;
			children = (
				845A45422EFF4643007D0A6D /* Theme.swift */,
			);
			path = Theme;
			sourceTree = "<group>";
		};
		845A45462EFF4643007D0A6D /* ViewModels */ = {
			isa = PBXGroup;
			children = (
				845A45442EFF4643007D0A6D /* AuthViewModel.swift */,
				845A45452EFF4643007D0A6D /* GoalViewModel.swift */,
			);
			path = ViewModels;
			sourceTree = "<group>";
		};
		845A45492EFF4643007D0A6D /* Auth */ = {
			isa = PBXGroup;
			children = (
				845A45472EFF4643007D0A6D /* LoginView.swift */,
				845A45482EFF4643007D0A6D /* SignUpView.swift */,
			);
			path = Auth;
			sourceTree = "<group>";
		};
		845A45522EFF4643007D0A6D /* Views */ = {
			isa = PBXGroup;
			children = (
				845A45492EFF4643007D0A6D /* Auth */,
				845A454A2EFF4643007D0A6D /* AIChatView.swift */,
				845A454B2EFF4643007D0A6D /* AllTasksView.swift */,
				845A454C2EFF4643007D0A6D /* GoalDetailView.swift */,
				845A454D2EFF4643007D0A6D /* GoalDetailView.swift.backup */,
				845A454E2EFF4643007D0A6D /* GoalsListView.swift */,
				845A454F2EFF4643007D0A6D /* SettingsView.swift */,
				845A45502EFF4643007D0A6D /* SplashView.swift */,
				845A45512EFF4643007D0A6D /* TaskNodeView.swift */,
			);
			path = Views;
			sourceTree = "<group>";
		};
		845A455D2EFF4643007D0A6D /* atlas */ = {
			isa = PBXGroup;
			children = (
				845A453B2EFF4643007D0A6D /* Models */,
				845A45412EFF4643007D0A6D /* Services */,
				845A45432EFF4643007D0A6D /* Theme */,
				845A45462EFF4643007D0A6D /* ViewModels */,
				845A45522EFF4643007D0A6D /* Views */,
				845A45532EFF4643007D0A6D /* Assets.xcassets */,
				845A45542EFF4643007D0A6D /* ContentView.swift */,
				845A45552EFF4643007D0A6D /* DashboardView.swift */,
				845A45562EFF4643007D0A6D /* Info.plist */,
				845A45572EFF4643007D0A6D /* StatCardView.swift */,
				845A45582EFF4643007D0A6D /* To_do_AppApp.swift */,
				845A45592EFF4643007D0A6D /* TodoItem.swift */,
				845A455A2EFF4643007D0A6D /* TodoRowView.swift */,
				845A455B2EFF4643007D0A6D /* TodoViewModel.swift */,
				845A455C2EFF4643007D0A6D /* TypeAliases.swift */,
			);
			path = atlas;
			sourceTree = "<group>";
		};
		84F6BAE62EF0C48F00443915 = {
			isa = PBXGroup;
			children = (
				845A455D2EFF4643007D0A6D /* atlas */,
				84F6BAF12EF0C48F00443915 /* atlas */,
				84F6BAF02EF0C48F00443915 /* Products */,
			);
			sourceTree = "<group>";
		};
		84F6BAF02EF0C48F00443915 /* Products */ = {
			isa = PBXGroup;
			children = (
				84F6BAEF2EF0C48F00443915 /* atlas.app */,
			);
			name = Products;
			sourceTree = "<group>";
		};
/* End PBXGroup section */

/* Begin PBXNativeTarget section */
		84F6BAEE2EF0C48F00443915 /* atlas */ = {
			isa = PBXNativeTarget;
			buildConfigurationList = 84F6BAFA2EF0C49000443915 /* Build configuration list for PBXNativeTarget "atlas" */;
			buildPhases = (
				84F6BAEB2EF0C48F00443915 /* Sources */,
				84F6BAEC2EF0C48F00443915 /* Frameworks */,
				84F6BAED2EF0C48F00443915 /* Resources */,
			);
			buildRules = (
			);
			dependencies = (
			);
			fileSystemSynchronizedGroups = (
				84F6BAF12EF0C48F00443915 /* atlas */,
			);
			name = atlas;
			packageProductDependencies = (
				84A415D32EF1A63000266A6A /* Supabase */,
			);
			productName = atlas;
			productReference = 84F6BAEF2EF0C48F00443915 /* atlas.app */;
			productType = "com.apple.product-type.application";
		};
/* End PBXNativeTarget section */

/* Begin PBXProject section */
		84F6BAE72EF0C48F00443915 /* Project object */ = {
			isa = PBXProject;
			attributes = {
				BuildIndependentTargetsInParallel = 1;
				LastSwiftUpdateCheck = 2620;
				LastUpgradeCheck = 2620;
				TargetAttributes = {
					84F6BAEE2EF0C48F00443915 = {
						CreatedOnToolsVersion = 26.2;
					};
				};
			};
			buildConfigurationList = 84F6BAEA2EF0C48F00443915 /* Build configuration list for PBXProject "atlas" */;
			developmentRegion = en;
			hasScannedForEncodings = 0;
			knownRegions = (
				en,
				Base,
			);
			mainGroup = 84F6BAE62EF0C48F00443915;
			minimizedProjectReferenceProxies = 1;
			packageReferences = (
				84A415D22EF1A62F00266A69 /* XCRemoteSwiftPackageReference "supabase-swift" */,
			);
			preferredProjectObjectVersion = 77;
			productRefGroup = 84F6BAF02EF0C48F00443915 /* Products */;
			projectDirPath = "";
			projectRoot = "";
			targets = (
				84F6BAEE2EF0C48F00443915 /* atlas */,
			);
		};
/* End PBXProject section */

/* Begin PBXResourcesBuildPhase section */
		84F6BAED2EF0C48F00443915 /* Resources */ = {
			isa = PBXResourcesBuildPhase;
			buildActionMask = 2147483647;
			files = (
				845A455E2EFF4643007D0A6D /* Assets.xcassets in Resources */,
				845A455F2EFF4643007D0A6D /* GoalDetailView.swift.backup in Resources */,
			);
			runOnlyForDeploymentPostprocessing = 0;
		};
/* End PBXResourcesBuildPhase section */

/* Begin PBXSourcesBuildPhase section */
		84F6BAEB2EF0C48F00443915 /* Sources */ = {
			isa = PBXSourcesBuildPhase;
			buildActionMask = 2147483647;
			files = (
				845A45612EFF4643007D0A6D /* FactExtractionService.swift in Sources */,
				845A45622EFF4643007D0A6D /* GoalsListView.swift in Sources */,
				845A45632EFF4643007D0A6D /* GoalViewModel.swift in Sources */,
				845A45642EFF4643007D0A6D /* Theme.swift in Sources */,
				845A45652EFF4643007D0A6D /* UserFact.swift in Sources */,
				845A45662EFF4643007D0A6D /* StatCardView.swift in Sources */,
				845A45672EFF4643007D0A6D /* SupabaseService.swift in Sources */,
				845A45682EFF4643007D0A6D /* SplashView.swift in Sources */,
				845A45692EFF4643007D0A6D /* Task.swift in Sources */,
				845A456A2EFF4643007D0A6D /* TypeAliases.swift in Sources */,
				845A456B2EFF4643007D0A6D /* GoalsSupabaseService.swift in Sources */,
				845A456C2EFF4643007D0A6D /* Topic.swift in Sources */,
				845A456D2EFF4643007D0A6D /* ContentView.swift in Sources */,
				845A456E2EFF4643007D0A6D /* SpeechRecognitionService.swift in Sources */,
				845A456F2EFF4643007D0A6D /* User.swift in Sources */,
				845A45702EFF4643007D0A6D /* GoalDetailView.swift in Sources */,
				845A45712EFF4643007D0A6D /* SettingsView.swift in Sources */,
				845A45722EFF4643007D0A6D /* DashboardView.swift in Sources */,
				845A45732EFF4643007D0A6D /* TodoRowView.swift in Sources */,
				845A45742EFF4643007D0A6D /* SignUpView.swift in Sources */,
				845A45752EFF4643007D0A6D /* Milestone.swift in Sources */,
				845A45762EFF4643007D0A6D /* To_do_AppApp.swift in Sources */,
				845A45772EFF4643007D0A6D /* TaskNodeView.swift in Sources */,
				845A45782EFF4643007D0A6D /* AuthViewModel.swift in Sources */,
				845A45792EFF4643007D0A6D /* AIChatView.swift in Sources */,
				845A457A2EFF4643007D0A6D /* LoginView.swift in Sources */,
				845A457B2EFF4643007D0A6D /* TodoViewModel.swift in Sources */,
				845A457C2EFF4643007D0A6D /* AIService.swift in Sources */,
				845A457D2EFF4643007D0A6D /* TodoItem.swift in Sources */,
				845A457E2EFF4643007D0A6D /* Goal.swift in Sources */,
				845A457F2EFF4643007D0A6D /* AllTasksView.swift in Sources */,
			);
			runOnlyForDeploymentPostprocessing = 0;
		};
/* End PBXSourcesBuildPhase section */

/* Begin XCBuildConfiguration section */
		84F6BAF82EF0C49000443915 /* Debug */ = {
			isa = XCBuildConfiguration;
			buildSettings = {
				ALWAYS_SEARCH_USER_PATHS = NO;
				ASSETCATALOG_COMPILER_GENERATE_SWIFT_ASSET_SYMBOL_EXTENSIONS = YES;
				CLANG_ANALYZER_NONNULL = YES;
				CLANG_ANALYZER_NUMBER_OBJECT_CONVERSION = YES_AGGRESSIVE;
				CLANG_CXX_LANGUAGE_STANDARD = "gnu++20";
				CLANG_ENABLE_MODULES = YES;
				CLANG_ENABLE_OBJC_ARC = YES;
				CLANG_ENABLE_OBJC_WEAK = YES;
				CLANG_WARN_BLOCK_CAPTURE_AUTORELEASING = YES;
				CLANG_WARN_BOOL_CONVERSION = YES;
				CLANG_WARN_COMMA = YES;
				CLANG_WARN_CONSTANT_CONVERSION = YES;
				CLANG_WARN_DEPRECATED_OBJC_IMPLEMENTATIONS = YES;
				CLANG_WARN_DIRECT_OBJC_ISA_USAGE = YES_ERROR;
				CLANG_WARN_DOCUMENTATION_COMMENTS = YES;
				CLANG_WARN_EMPTY_BODY = YES;
				CLANG_WARN_ENUM_CONVERSION = YES;
				CLANG_WARN_INFINITE_RECURSION = YES;
				CLANG_WARN_INT_CONVERSION = YES;
				CLANG_WARN_NON_LITERAL_NULL_CONVERSION = YES;
				CLANG_WARN_OBJC_IMPLICIT_RETAIN_SELF = YES;
				CLANG_WARN_OBJC_LITERAL_CONVERSION = YES;
				CLANG_WARN_OBJC_ROOT_CLASS = YES_ERROR;
				CLANG_WARN_QUOTED_INCLUDE_IN_FRAMEWORK_HEADER = YES;
				CLANG_WARN_RANGE_LOOP_ANALYSIS = YES;
				CLANG_WARN_STRICT_PROTOTYPES = YES;
				CLANG_WARN_SUSPICIOUS_MOVE = YES;
				CLANG_WARN_UNGUARDED_AVAILABILITY = YES_AGGRESSIVE;
				CLANG_WARN_UNREACHABLE_CODE = YES;
				CLANG_WARN__DUPLICATE_METHOD_MATCH = YES;
				COPY_PHASE_STRIP = NO;
				DEBUG_INFORMATION_FORMAT = dwarf;
				ENABLE_STRICT_OBJC_MSGSEND = YES;
				ENABLE_TESTABILITY = YES;
				ENABLE_USER_SCRIPT_SANDBOXING = YES;
				GCC_C_LANGUAGE_STANDARD = gnu17;
				GCC_DYNAMIC_NO_PIC = NO;
				GCC_NO_COMMON_BLOCKS = YES;
				GCC_OPTIMIZATION_LEVEL = 0;
				GCC_PREPROCESSOR_DEFINITIONS = (
					"DEBUG=1",
					"$(inherited)",
				);
				GCC_WARN_64_TO_32_BIT_CONVERSION = YES;
				GCC_WARN_ABOUT_RETURN_TYPE = YES_ERROR;
				GCC_WARN_UNDECLARED_SELECTOR = YES;
				GCC_WARN_UNINITIALIZED_AUTOS = YES_AGGRESSIVE;
				GCC_WARN_UNUSED_FUNCTION = YES;
				GCC_WARN_UNUSED_VARIABLE = YES;
				IPHONEOS_DEPLOYMENT_TARGET = 16.0;
				LOCALIZATION_PREFERS_STRING_CATALOGS = YES;
				MTL_ENABLE_DEBUG_INFO = INCLUDE_SOURCE;
				MTL_FAST_MATH = YES;
				ONLY_ACTIVE_ARCH = YES;
				SDKROOT = iphoneos;
				SWIFT_ACTIVE_COMPILATION_CONDITIONS = "DEBUG $(inherited)";
				SWIFT_OPTIMIZATION_LEVEL = "-Onone";
			};
			name = Debug;
		};
		84F6BAF92EF0C49000443915 /* Release */ = {
			isa = XCBuildConfiguration;
			buildSettings = {
				ALWAYS_SEARCH_USER_PATHS = NO;
				ASSETCATALOG_COMPILER_GENERATE_SWIFT_ASSET_SYMBOL_EXTENSIONS = YES;
				CLANG_ANALYZER_NONNULL = YES;
				CLANG_ANALYZER_NUMBER_OBJECT_CONVERSION = YES_AGGRESSIVE;
				CLANG_CXX_LANGUAGE_STANDARD = "gnu++20";
				CLANG_ENABLE_MODULES = YES;
				CLANG_ENABLE_OBJC_ARC = YES;
				CLANG_ENABLE_OBJC_WEAK = YES;
				CLANG_WARN_BLOCK_CAPTURE_AUTORELEASING = YES;
				CLANG_WARN_BOOL_CONVERSION = YES;
				CLANG_WARN_COMMA = YES;
				CLANG_WARN_CONSTANT_CONVERSION = YES;
				CLANG_WARN_DEPRECATED_OBJC_IMPLEMENTATIONS = YES;
				CLANG_WARN_DIRECT_OBJC_ISA_USAGE = YES_ERROR;
				CLANG_WARN_DOCUMENTATION_COMMENTS = YES;
				CLANG_WARN_EMPTY_BODY = YES;
				CLANG_WARN_ENUM_CONVERSION = YES;
				CLANG_WARN_INFINITE_RECURSION = YES;
				CLANG_WARN_INT_CONVERSION = YES;
				CLANG_WARN_NON_LITERAL_NULL_CONVERSION = YES;
				CLANG_WARN_OBJC_IMPLICIT_RETAIN_SELF = YES;
				CLANG_WARN_OBJC_LITERAL_CONVERSION = YES;
				CLANG_WARN_OBJC_ROOT_CLASS = YES_ERROR;
				CLANG_WARN_QUOTED_INCLUDE_IN_FRAMEWORK_HEADER = YES;
				CLANG_WARN_RANGE_LOOP_ANALYSIS = YES;
				CLANG_WARN_STRICT_PROTOTYPES = YES;
				CLANG_WARN_SUSPICIOUS_MOVE = YES;
				CLANG_WARN_UNGUARDED_AVAILABILITY = YES_AGGRESSIVE;
				CLANG_WARN_UNREACHABLE_CODE = YES;
				CLANG_WARN__DUPLICATE_METHOD_MATCH = YES;
				COPY_PHASE_STRIP = NO;
				DEBUG_INFORMATION_FORMAT = "dwarf-with-dsym";
				ENABLE_NS_ASSERTIONS = NO;
				ENABLE_STRICT_OBJC_MSGSEND = YES;
				ENABLE_USER_SCRIPT_SANDBOXING = YES;
				GCC_C_LANGUAGE_STANDARD = gnu17;
				GCC_NO_COMMON_BLOCKS = YES;
				GCC_WARN_64_TO_32_BIT_CONVERSION = YES;
				GCC_WARN_ABOUT_RETURN_TYPE = YES_ERROR;
				GCC_WARN_UNDECLARED_SELECTOR = YES;
				GCC_WARN_UNINITIALIZED_AUTOS = YES_AGGRESSIVE;
				GCC_WARN_UNUSED_FUNCTION = YES;
				GCC_WARN_UNUSED_VARIABLE = YES;
				IPHONEOS_DEPLOYMENT_TARGET = 16.0;
				LOCALIZATION_PREFERS_STRING_CATALOGS = YES;
				MTL_ENABLE_DEBUG_INFO = NO;
				MTL_FAST_MATH = YES;
				SDKROOT = iphoneos;
				SWIFT_COMPILATION_MODE = wholemodule;
				VALIDATE_PRODUCT = YES;
			};
			name = Release;
		};
		84F6BAFB2EF0C49000443915 /* Debug */ = {
			isa = XCBuildConfiguration;
			buildSettings = {
				ASSETCATALOG_COMPILER_APPICON_NAME = AppIcon;
				ASSETCATALOG_COMPILER_GLOBAL_ACCENT_COLOR_NAME = AccentColor;
				CODE_SIGN_IDENTITY = "Apple Development";
				CODE_SIGN_STYLE = Automatic;
				CURRENT_PROJECT_VERSION = 1;
				DEVELOPMENT_TEAM = FUR8AABK27;
				ENABLE_PREVIEWS = YES;
				GENERATE_INFOPLIST_FILE = YES;
				INFOPLIST_KEY_NSMicrophoneUsageDescription = "We need access to your microphone to record voice messages for AI chat";
				INFOPLIST_KEY_UIApplicationSceneManifest_Generation = YES;
				INFOPLIST_KEY_UIApplicationSupportsIndirectInputEvents = YES;
				INFOPLIST_KEY_UILaunchScreen_Generation = YES;
				INFOPLIST_KEY_UISupportedInterfaceOrientations_iPad = "UIInterfaceOrientationPortrait UIInterfaceOrientationPortraitUpsideDown UIInterfaceOrientationLandscapeLeft UIInterfaceOrientationLandscapeRight";
				INFOPLIST_KEY_UISupportedInterfaceOrientations_iPhone = "UIInterfaceOrientationPortrait UIInterfaceOrientationLandscapeLeft UIInterfaceOrientationLandscapeRight";
				LD_RUNPATH_SEARCH_PATHS = (
					"$(inherited)",
					"@executable_path/Frameworks",
				);
				MARKETING_VERSION = 1.0;
				PRODUCT_BUNDLE_IDENTIFIER = "pushkarev.To-do-App";
				PRODUCT_NAME = "$(TARGET_NAME)";
				PROVISIONING_PROFILE_SPECIFIER = "";
				STRING_CATALOG_GENERATE_SYMBOLS = YES;
				SWIFT_APPROACHABLE_CONCURRENCY = YES;
				SWIFT_DEFAULT_ACTOR_ISOLATION = MainActor;
				SWIFT_EMIT_LOC_STRINGS = YES;
				SWIFT_UPCOMING_FEATURE_MEMBER_IMPORT_VISIBILITY = YES;
				SWIFT_VERSION = 5.0;
				TARGETED_DEVICE_FAMILY = "1,2";
			};
			name = Debug;
		};
		84F6BAFC2EF0C49000443915 /* Release */ = {
			isa = XCBuildConfiguration;
			buildSettings = {
				ASSETCATALOG_COMPILER_APPICON_NAME = AppIcon;
				ASSETCATALOG_COMPILER_GLOBAL_ACCENT_COLOR_NAME = AccentColor;
				CODE_SIGN_IDENTITY = "Apple Development";
				CODE_SIGN_STYLE = Automatic;
				CURRENT_PROJECT_VERSION = 1;
				DEVELOPMENT_TEAM = FUR8AABK27;
				ENABLE_PREVIEWS = YES;
				GENERATE_INFOPLIST_FILE = YES;
				INFOPLIST_KEY_NSMicrophoneUsageDescription = "We need access to your microphone to record voice messages for AI chat";
				INFOPLIST_KEY_UIApplicationSceneManifest_Generation = YES;
				INFOPLIST_KEY_UIApplicationSupportsIndirectInputEvents = YES;
				INFOPLIST_KEY_UILaunchScreen_Generation = YES;
				INFOPLIST_KEY_UISupportedInterfaceOrientations_iPad = "UIInterfaceOrientationPortrait UIInterfaceOrientationPortraitUpsideDown UIInterfaceOrientationLandscapeLeft UIInterfaceOrientationLandscapeRight";
				INFOPLIST_KEY_UISupportedInterfaceOrientations_iPhone = "UIInterfaceOrientationPortrait UIInterfaceOrientationLandscapeLeft UIInterfaceOrientationLandscapeRight";
				LD_RUNPATH_SEARCH_PATHS = (
					"$(inherited)",
					"@executable_path/Frameworks",
				);
				MARKETING_VERSION = 1.0;
				PRODUCT_BUNDLE_IDENTIFIER = "pushkarev.To-do-App";
				PRODUCT_NAME = "$(TARGET_NAME)";
				PROVISIONING_PROFILE_SPECIFIER = "";
				STRING_CATALOG_GENERATE_SYMBOLS = YES;
				SWIFT_APPROACHABLE_CONCURRENCY = YES;
				SWIFT_DEFAULT_ACTOR_ISOLATION = MainActor;
				SWIFT_EMIT_LOC_STRINGS = YES;
				SWIFT_UPCOMING_FEATURE_MEMBER_IMPORT_VISIBILITY = YES;
				SWIFT_VERSION = 5.0;
				TARGETED_DEVICE_FAMILY = "1,2";
			};
			name = Release;
		};
/* End XCBuildConfiguration section */

/* Begin XCConfigurationList section */
		84F6BAEA2EF0C48F00443915 /* Build configuration list for PBXProject "atlas" */ = {
			isa = XCConfigurationList;
			buildConfigurations = (
				84F6BAF82EF0C49000443915 /* Debug */,
				84F6BAF92EF0C49000443915 /* Release */,
			);
			defaultConfigurationIsVisible = 0;
			defaultConfigurationName = Release;
		};
		84F6BAFA2EF0C49000443915 /* Build configuration list for PBXNativeTarget "atlas" */ = {
			isa = XCConfigurationList;
			buildConfigurations = (
				84F6BAFB2EF0C49000443915 /* Debug */,
				84F6BAFC2EF0C49000443915 /* Release */,
			);
			defaultConfigurationIsVisible = 0;
			defaultConfigurationName = Release;
		};
/* End XCConfigurationList section */

/* Begin XCRemoteSwiftPackageReference section */
		84A415D22EF1A62F00266A69 /* XCRemoteSwiftPackageReference "supabase-swift" */ = {
			isa = XCRemoteSwiftPackageReference;
			repositoryURL = "https://github.com/supabase/supabase-swift";
			requirement = {
				kind = upToNextMajorVersion;
				minimumVersion = 2.5.1;
			};
		};
/* End XCRemoteSwiftPackageReference section */

/* Begin XCSwiftPackageProductDependency section */
		84A415D32EF1A63000266A6A /* Supabase */ = {
			isa = XCSwiftPackageProductDependency;
			package = 84A415D22EF1A62F00266A69 /* XCRemoteSwiftPackageReference "supabase-swift" */;
			productName = Supabase;
		};
/* End XCSwiftPackageProductDependency section */
	};
	rootObject = 84F6BAE72EF0C48F00443915 /* Project object */;
}
